{
  "version": "3",
  "packages": {
    "specifiers": {
      "jsr:@kz/common-types@^0.0.6": "jsr:@kz/common-types@0.0.6",
      "jsr:@std/assert@^0.221.0": "jsr:@std/assert@0.221.0",
      "jsr:@std/fmt@^0.221.0": "jsr:@std/fmt@0.221.0",
      "jsr:@std/testing@^0.221.0": "jsr:@std/testing@0.221.0"
    },
    "jsr": {
      "@kz/common-types@0.0.6": {
        "integrity": "992c4a9502432537d43ece19e9e062fce123afe64dcba8a3b1b1c5086a8fa430"
      },
      "@std/assert@0.221.0": {
        "integrity": "a5f1aa6e7909dbea271754fd4ab3f4e687aeff4873b4cef9a320af813adb489a",
        "dependencies": [
          "jsr:@std/fmt@^0.221.0"
        ]
      },
      "@std/fmt@0.221.0": {
        "integrity": "379fed69bdd9731110f26b9085aeb740606b20428ce6af31ef6bd45ef8efa62a"
      },
      "@std/testing@0.221.0": {
        "integrity": "d9b5ed7d5dc4e8d193734a594e7f80c04a5a6f34c2493e69c6713ae7fe6f880e"
      }
    }
  },
  "remote": {
    "https://denopkg.com/kz-io/common-types@dev/mod.ts": "8595e6ba30d80b92844d05569f0b04a124ee35d9c4bade107fbe68bbb1be1a9c",
    "https://denopkg.com/kz-io/common-types@dev/src/mod.ts": "8c67d18c185be04109f342dc08a5e6e88aaca71ba16af69f252e2cf911bf08f1",
    "https://denopkg.com/kz-io/common-types@dev/src/types/enums.ts": "9c395897f22d8d939e3d5d6f381ff5518ceaf169803339f58497e6f26a0ef294",
    "https://denopkg.com/kz-io/common-types@dev/src/types/interfaces.ts": "21444d08bcb46b523140bf6c655d143b68bd98d8864983664e37c4528c5a35d8",
    "https://denopkg.com/kz-io/common-types@dev/src/types/mod.ts": "0287e8ab1e18aa16c70ecbb76da8eeaaaba77933c27be2a79fecb71f62ffe8a6",
    "https://denopkg.com/kz-io/common-types@dev/src/types/type_aliases.ts": "8c0448143ccba18c28362db026d91685006e4d5d72844f4907d9b6a58be9c146",
    "https://denopkg.com/kz-io/common-types@dev/src/version.ts": "8d386c1063577edf6d2a49b047f61a82636cb926fb4a6103012ae88bd9012404"
  },
  "workspace": {
    "dependencies": [
      "jsr:@kz/common-types@^0.0.6",
      "jsr:@std/assert@^0.221.0",
      "jsr:@std/testing@^0.221.0"
    ]
  }
}
